
Microsoft Visual Studio Solution File, Format Version 12.00
# Visual Studio Version 16
VisualStudioVersion = 16.0.29403.142
MinimumVisualStudioVersion = 10.0.40219.1
Project("{9A19103F-16F7-4668-BE54-9A1E7A4F7556}") = "BlazorPeliculas.Server", "BlazorPeliculas\Server\BlazorPeliculas.Server.csproj", "{03DE7AA0-B0AA-4D07-87AA-C8D09DC52062}"
EndProject
Project("{9A19103F-16F7-4668-BE54-9A1E7A4F7556}") = "BlazorPeliculas.Client", "BlazorPeliculas\Client\BlazorPeliculas.Client.csproj", "{8FCC546B-5DCB-4B83-8659-540483752E3A}"
EndProject
Project("{9A19103F-16F7-4668-BE54-9A1E7A4F7556}") = "BlazorPeliculas.Shared", "BlazorPeliculas\Shared\BlazorPeliculas.Shared.csproj", "{58557E7A-FA6D-48CE-AE08-591C30E772CB}"
EndProject
Global
	GlobalSection(SolutionConfigurationPlatforms) = preSolution
		Debug|Any CPU = Debug|Any CPU
		Release|Any CPU = Release|Any CPU
	EndGlobalSection
	GlobalSection(ProjectConfigurationPlatforms) = postSolution
		{03DE7AA0-B0AA-4D07-87AA-C8D09DC52062}.Debug|Any CPU.ActiveCfg = Debug|Any CPU
		{03DE7AA0-B0AA-4D07-87AA-C8D09DC52062}.Debug|Any CPU.Build.0 = Debug|Any CPU
		{03DE7AA0-B0AA-4D07-87AA-C8D09DC52062}.Release|Any CPU.ActiveCfg = Release|Any CPU
		{03DE7AA0-B0AA-4D07-87AA-C8D09DC52062}.Release|Any CPU.Build.0 = Release|Any CPU
		{8FCC546B-5DCB-4B83-8659-540483752E3A}.Debug|Any CPU.ActiveCfg = Debug|Any CPU
		{8FCC546B-5DCB-4B83-8659-540483752E3A}.Debug|Any CPU.Build.0 = Debug|Any CPU
		{8FCC546B-5DCB-4B83-8659-540483752E3A}.Release|Any CPU.ActiveCfg = Release|Any CPU
		{8FCC546B-5DCB-4B83-8659-540483752E3A}.Release|Any CPU.Build.0 = Release|Any CPU
		{58557E7A-FA6D-48CE-AE08-591C30E772CB}.Debug|Any CPU.ActiveCfg = Debug|Any CPU
		{58557E7A-FA6D-48CE-AE08-591C30E772CB}.Debug|Any CPU.Build.0 = Debug|Any CPU
		{58557E7A-FA6D-48CE-AE08-591C30E772CB}.Release|Any CPU.ActiveCfg = Release|Any CPU
		{58557E7A-FA6D-48CE-AE08-591C30E772CB}.Release|Any CPU.Build.0 = Release|Any CPU
	EndGlobalSection
	GlobalSection(SolutionProperties) = preSolution
		HideSolutionNode = FALSE
	EndGlobalSection
	GlobalSection(ExtensibilityGlobals) = postSolution
		SolutionGuid = {9902962F-141F-4A7A-896E-A2BFAD4B4911}
	EndGlobalSection
EndGlobal
